
Microsoft Visual Studio Solution File, Format Version 12.00
# Visual Studio 14
VisualStudioVersion = 14.0.25420.1
MinimumVisualStudioVersion = 10.0.40219.1
Project("{F2A71F9B-5D33-465A-A702-920D77279786}") = "FinantialMathematics", "FinantialMathematics\FinantialMathematics.fsproj", "{CD9AA1D4-539F-44FC-8E4F-6CFBCFCDA238}"
EndProject
Project("{F2A71F9B-5D33-465A-A702-920D77279786}") = "FinantialMathematics.TestUtil", "FinantialMathematics.TestUtil\FinantialMathematics.TestUtil.fsproj", "{DDED84EA-1E53-47EA-A185-534EB45EBB8B}"
EndProject
Project("{F2A71F9B-5D33-465A-A702-920D77279786}") = "FinantialMethematics.Test", "FinantialMethematics.Test\FinantialMethematics.Test.fsproj", "{70BDA399-CC5A-4D1E-A77A-84127FF17E32}"
EndProject
Project("{2150E333-8FDC-42A3-9474-1A3956D46DE8}") = "Solution Items", "Solution Items", "{08BDD449-029A-482A-B6C9-185FEDE62015}"
	ProjectSection(SolutionItems) = preProject
		paket.dependencies = paket.dependencies
		paket.lock = paket.lock
	EndProjectSection
EndProject
Project("{F2A71F9B-5D33-465A-A702-920D77279786}") = "FinantialMathematics.Web", "FinantialMathematics.Web\FinantialMathematics.Web.fsproj", "{57A12FE3-9E19-4AF7-8C28-90666569153D}"
EndProject
Global
	GlobalSection(SolutionConfigurationPlatforms) = preSolution
		Debug|Any CPU = Debug|Any CPU
		Release|Any CPU = Release|Any CPU
	EndGlobalSection
	GlobalSection(ProjectConfigurationPlatforms) = postSolution
		{CD9AA1D4-539F-44FC-8E4F-6CFBCFCDA238}.Debug|Any CPU.ActiveCfg = Debug|Any CPU
		{CD9AA1D4-539F-44FC-8E4F-6CFBCFCDA238}.Debug|Any CPU.Build.0 = Debug|Any CPU
		{CD9AA1D4-539F-44FC-8E4F-6CFBCFCDA238}.Release|Any CPU.ActiveCfg = Release|Any CPU
		{CD9AA1D4-539F-44FC-8E4F-6CFBCFCDA238}.Release|Any CPU.Build.0 = Release|Any CPU
		{DDED84EA-1E53-47EA-A185-534EB45EBB8B}.Debug|Any CPU.ActiveCfg = Debug|Any CPU
		{DDED84EA-1E53-47EA-A185-534EB45EBB8B}.Debug|Any CPU.Build.0 = Debug|Any CPU
		{DDED84EA-1E53-47EA-A185-534EB45EBB8B}.Release|Any CPU.ActiveCfg = Release|Any CPU
		{DDED84EA-1E53-47EA-A185-534EB45EBB8B}.Release|Any CPU.Build.0 = Release|Any CPU
		{70BDA399-CC5A-4D1E-A77A-84127FF17E32}.Debug|Any CPU.ActiveCfg = Debug|Any CPU
		{70BDA399-CC5A-4D1E-A77A-84127FF17E32}.Debug|Any CPU.Build.0 = Debug|Any CPU
		{70BDA399-CC5A-4D1E-A77A-84127FF17E32}.Release|Any CPU.ActiveCfg = Release|Any CPU
		{70BDA399-CC5A-4D1E-A77A-84127FF17E32}.Release|Any CPU.Build.0 = Release|Any CPU
		{57A12FE3-9E19-4AF7-8C28-90666569153D}.Debug|Any CPU.ActiveCfg = Debug|Any CPU
		{57A12FE3-9E19-4AF7-8C28-90666569153D}.Debug|Any CPU.Build.0 = Debug|Any CPU
		{57A12FE3-9E19-4AF7-8C28-90666569153D}.Release|Any CPU.ActiveCfg = Release|Any CPU
		{57A12FE3-9E19-4AF7-8C28-90666569153D}.Release|Any CPU.Build.0 = Release|Any CPU
	EndGlobalSection
	GlobalSection(SolutionProperties) = preSolution
		HideSolutionNode = FALSE
	EndGlobalSection
EndGlobal
